
Microsoft Visual Studio Solution File, Format Version 12.00
# Visual Studio Version 17
VisualStudioVersion = 17.5.002.0
MinimumVisualStudioVersion = 10.0.40219.1
Project("{9A19103F-16F7-4668-BE54-9A1E7A4F7556}") = "FlashCardAppWebApi", "FlashCardAppWebApi\FlashCardAppWebApi.csproj", "{A8EACE4C-0206-4A38-B2B3-55E9B76BA393}"
EndProject
Global
	GlobalSection(SolutionConfigurationPlatforms) = preSolution
		Debug|Any CPU = Debug|Any CPU
		Release|Any CPU = Release|Any CPU
	EndGlobalSection
	GlobalSection(ProjectConfigurationPlatforms) = postSolution
		{A8EACE4C-0206-4A38-B2B3-55E9B76BA393}.Debug|Any CPU.ActiveCfg = Debug|Any CPU
		{A8EACE4C-0206-4A38-B2B3-55E9B76BA393}.Debug|Any CPU.Build.0 = Debug|Any CPU
		{A8EACE4C-0206-4A38-B2B3-55E9B76BA393}.Release|Any CPU.ActiveCfg = Release|Any CPU
		{A8EACE4C-0206-4A38-B2B3-55E9B76BA393}.Release|Any CPU.Build.0 = Release|Any CPU
	EndGlobalSection
	GlobalSection(SolutionProperties) = preSolution
		HideSolutionNode = FALSE
	EndGlobalSection
	GlobalSection(ExtensibilityGlobals) = postSolution
		SolutionGuid = {06398420-7B63-4AB9-8712-E4897E0364DF}
	EndGlobalSection
EndGlobal
